
Microsoft Visual Studio Solution File, Format Version 12.00
# Visual Studio Version 17
VisualStudioVersion = 17.14.36212.18 d17.14
MinimumVisualStudioVersion = 10.0.40219.1
Project("{8BC9CEB8-8B4A-11D0-8D11-00A0C91BC942}") = "Launcher", "Launcher\Launcher.vcxproj", "{89D7C0EE-43D6-4CE4-9DD9-71E0C936A625}"
EndProject
Project("{8BC9CEB8-8B4A-11D0-8D11-00A0C91BC942}") = "Hook", "Hook\Hook.vcxproj", "{D83DEE15-3622-4BB9-8AC8-A18AC6D8E614}"
EndProject
Global
	GlobalSection(SolutionConfigurationPlatforms) = preSolution
		Debug|x64 = Debug|x64
		Debug|x86 = Debug|x86
		Release|x64 = Release|x64
		Release|x86 = Release|x86
	EndGlobalSection
	GlobalSection(ProjectConfigurationPlatforms) = postSolution
		{89D7C0EE-43D6-4CE4-9DD9-71E0C936A625}.Debug|x64.ActiveCfg = Debug|x64
		{89D7C0EE-43D6-4CE4-9DD9-71E0C936A625}.Debug|x64.Build.0 = Debug|x64
		{89D7C0EE-43D6-4CE4-9DD9-71E0C936A625}.Debug|x86.ActiveCfg = Debug|Win32
		{89D7C0EE-43D6-4CE4-9DD9-71E0C936A625}.Debug|x86.Build.0 = Debug|Win32
		{89D7C0EE-43D6-4CE4-9DD9-71E0C936A625}.Release|x64.ActiveCfg = Release|x64
		{89D7C0EE-43D6-4CE4-9DD9-71E0C936A625}.Release|x64.Build.0 = Release|x64
		{89D7C0EE-43D6-4CE4-9DD9-71E0C936A625}.Release|x86.ActiveCfg = Release|Win32
		{89D7C0EE-43D6-4CE4-9DD9-71E0C936A625}.Release|x86.Build.0 = Release|Win32
		{D83DEE15-3622-4BB9-8AC8-A18AC6D8E614}.Debug|x64.ActiveCfg = Debug|x64
		{D83DEE15-3622-4BB9-8AC8-A18AC6D8E614}.Debug|x64.Build.0 = Debug|x64
		{D83DEE15-3622-4BB9-8AC8-A18AC6D8E614}.Debug|x86.ActiveCfg = Debug|Win32
		{D83DEE15-3622-4BB9-8AC8-A18AC6D8E614}.Debug|x86.Build.0 = Debug|Win32
		{D83DEE15-3622-4BB9-8AC8-A18AC6D8E614}.Release|x64.ActiveCfg = Release|x64
		{D83DEE15-3622-4BB9-8AC8-A18AC6D8E614}.Release|x64.Build.0 = Release|x64
		{D83DEE15-3622-4BB9-8AC8-A18AC6D8E614}.Release|x86.ActiveCfg = Release|Win32
		{D83DEE15-3622-4BB9-8AC8-A18AC6D8E614}.Release|x86.Build.0 = Release|Win32
	EndGlobalSection
	GlobalSection(SolutionProperties) = preSolution
		HideSolutionNode = FALSE
	EndGlobalSection
	GlobalSection(ExtensibilityGlobals) = postSolution
		SolutionGuid = {5540DE33-9D7F-448B-B376-C3EDC1F96C4C}
	EndGlobalSection
EndGlobal
